// !$*UTF8*$!
{
	archiveVersion = 1;
	classes = {
	};
	objectVersion = 48;
	objects = {

/* Begin PBXBuildFile section */
		FF790F44200D4131002AB896 /* AppDelegate.swift in Sources */ = {isa = PBXBuildFile; fileRef = FF790F43200D4131002AB896 /* AppDelegate.swift */; };
		FF790F46200D4131002AB896 /* ViewController.swift in Sources */ = {isa = PBXBuildFile; fileRef = FF790F45200D4131002AB896 /* ViewController.swift */; };
		FF790F49200D4131002AB896 /* Main.storyboard in Resources */ = {isa = PBXBuildFile; fileRef = FF790F47200D4131002AB896 /* Main.storyboard */; };
		FF790F4B200D4131002AB896 /* Assets.xcassets in Resources */ = {isa = PBXBuildFile; fileRef = FF790F4A200D4131002AB896 /* Assets.xcassets */; };
		FF790F4E200D4131002AB896 /* LaunchScreen.storyboard in Resources */ = {isa = PBXBuildFile; fileRef = FF790F4C200D4131002AB896 /* LaunchScreen.storyboard */; };
		FF790F59200D4131002AB896 /* Whats_the_WeatherTests.swift in Sources */ = {isa = PBXBuildFile; fileRef = FF790F58200D4131002AB896 /* Whats_the_WeatherTests.swift */; };
		FF790F64200D4132002AB896 /* Whats_the_WeatherUITests.swift in Sources */ = {isa = PBXBuildFile; fileRef = FF790F63200D4132002AB896 /* Whats_the_WeatherUITests.swift */; };
		FFAEA07A20115A5E00FAF75B /* clouds.jpeg in Resources */ = {isa = PBXBuildFile; fileRef = FFAEA07920115A5D00FAF75B /* clouds.jpeg */; };
/* End PBXBuildFile section */

/* Begin PBXContainerItemProxy section */
		FF790F55200D4131002AB896 /* PBXContainerItemProxy */ = {
			isa = PBXContainerItemProxy;
			containerPortal = FF790F38200D4131002AB896 /* Project object */;
			proxyType = 1;
			remoteGlobalIDString = FF790F3F200D4131002AB896;
			remoteInfo = "Whats the Weather";
		};
		FF790F60200D4132002AB896 /* PBXContainerItemProxy */ = {
			isa = PBXContainerItemProxy;
			containerPortal = FF790F38200D4131002AB896 /* Project object */;
			proxyType = 1;
			remoteGlobalIDString = FF790F3F200D4131002AB896;
			remoteInfo = "Whats the Weather";
		};
/* End PBXContainerItemProxy section */

/* Begin PBXFileReference section */
		FF790F40200D4131002AB896 /* Whats the Weather.app */ = {isa = PBXFileReference; explicitFileType = wrapper.application; includeInIndex = 0; path = "Whats the Weather.app"; sourceTree = BUILT_PRODUCTS_DIR; };
		FF790F43200D4131002AB896 /* AppDelegate.swift */ = {isa = PBXFileReference; lastKnownFileType = sourcecode.swift; path = AppDelegate.swift; sourceTree = "<group>"; };
		FF790F45200D4131002AB896 /* ViewController.swift */ = {isa = PBXFileReference; lastKnownFileType = sourcecode.swift; path = ViewController.swift; sourceTree = "<group>"; };
		FF790F48200D4131002AB896 /* Base */ = {isa = PBXFileReference; lastKnownFileType = file.storyboard; name = Base; path = Base.lproj/Main.storyboard; sourceTree = "<group>"; };
		FF790F4A200D4131002AB896 /* Assets.xcassets */ = {isa = PBXFileReference; lastKnownFileType = folder.assetcatalog; path = Assets.xcassets; sourceTree = "<group>"; };
		FF790F4D200D4131002AB896 /* Base */ = {isa = PBXFileReference; lastKnownFileType = file.storyboard; name = Base; path = Base.lproj/LaunchScreen.storyboard; sourceTree = "<group>"; };
		FF790F4F200D4131002AB896 /* Info.plist */ = {isa = PBXFileReference; lastKnownFileType = text.plist.xml; path = Info.plist; sourceTree = "<group>"; };
		FF790F54200D4131002AB896 /* Whats the WeatherTests.xctest */ = {isa = PBXFileReference; explicitFileType = wrapper.cfbundle; includeInIndex = 0; path = "Whats the WeatherTests.xctest"; sourceTree = BUILT_PRODUCTS_DIR; };
		FF790F58200D4131002AB896 /* Whats_the_WeatherTests.swift */ = {isa = PBXFileReference; lastKnownFileType = sourcecode.swift; path = Whats_the_WeatherTests.swift; sourceTree = "<group>"; };
		FF790F5A200D4131002AB896 /* Info.plist */ = {isa = PBXFileReference; lastKnownFileType = text.plist.xml; path = Info.plist; sourceTree = "<group>"; };
		FF790F5F200D4131002AB896 /* Whats the WeatherUITests.xctest */ = {isa = PBXFileReference; explicitFileType = wrapper.cfbundle; includeInIndex = 0; path = "Whats the WeatherUITests.xctest"; sourceTree = BUILT_PRODUCTS_DIR; };
		FF790F63200D4132002AB896 /* Whats_the_WeatherUITests.swift */ = {isa = PBXFileReference; lastKnownFileType = sourcecode.swift; path = Whats_the_WeatherUITests.swift; sourceTree = "<group>"; };
		FF790F65200D4132002AB896 /* Info.plist */ = {isa = PBXFileReference; lastKnownFileType = text.plist.xml; path = Info.plist; sourceTree = "<group>"; };
		FFAEA07920115A5D00FAF75B /* clouds.jpeg */ = {isa = PBXFileReference; lastKnownFileType = image.jpeg; path = clouds.jpeg; sourceTree = SOURCE_ROOT; };
/* End PBXFileReference section */

/* Begin PBXFrameworksBuildPhase section */
		FF790F3D200D4131002AB896 /* Frameworks */ = {
			isa = PBXFrameworksBuildPhase;
			buildActionMask = 2147483647;
			files = (
			);
			runOnlyForDeploymentPostprocessing = 0;
		};
		FF790F51200D4131002AB896 /* Frameworks */ = {
			isa = PBXFrameworksBuildPhase;
			buildActionMask = 2147483647;
			files = (
			);
			runOnlyForDeploymentPostprocessing = 0;
		};
		FF790F5C200D4131002AB896 /* Frameworks */ = {
			isa = PBXFrameworksBuildPhase;
			buildActionMask = 2147483647;
			files = (
			);
			runOnlyForDeploymentPostprocessing = 0;
		};
/* End PBXFrameworksBuildPhase section */

/* Begin PBXGroup section */
		FF790F37200D4131002AB896 = {
			isa = PBXGroup;
			children = (
				FF790F42200D4131002AB896 /* Whats the Weather */,
				FF790F57200D4131002AB896 /* Whats the WeatherTests */,
				FF790F62200D4132002AB896 /* Whats the WeatherUITests */,
				FF790F41200D4131002AB896 /* Products */,
			);
			sourceTree = "<group>";
		};
		FF790F41200D4131002AB896 /* Products */ = {
			isa = PBXGroup;
			children = (
				FF790F40200D4131002AB896 /* Whats the Weather.app */,
				FF790F54200D4131002AB896 /* Whats the WeatherTests.xctest */,
				FF790F5F200D4131002AB896 /* Whats the WeatherUITests.xctest */,
			);
			name = Products;
			sourceTree = "<group>";
		};
		FF790F42200D4131002AB896 /* Whats the Weather */ = {
			isa = PBXGroup;
			children = (
				FF790F43200D4131002AB896 /* AppDelegate.swift */,
				FF790F45200D4131002AB896 /* ViewController.swift */,
				FF790F47200D4131002AB896 /* Main.storyboard */,
				FF790F4A200D4131002AB896 /* Assets.xcassets */,
				FF790F4C200D4131002AB896 /* LaunchScreen.storyboard */,
				FF790F4F200D4131002AB896 /* Info.plist */,
				FFAEA07920115A5D00FAF75B /* clouds.jpeg */,
			);
			path = "Whats the Weather";
			sourceTree = "<group>";
		};
		FF790F57200D4131002AB896 /* Whats the WeatherTests */ = {
			isa = PBXGroup;
			children = (
				FF790F58200D4131002AB896 /* Whats_the_WeatherTests.swift */,
				FF790F5A200D4131002AB896 /* Info.plist */,
			);
			path = "Whats the WeatherTests";
			sourceTree = "<group>";
		};
		FF790F62200D4132002AB896 /* Whats the WeatherUITests */ = {
			isa = PBXGroup;
			children = (
				FF790F63200D4132002AB896 /* Whats_the_WeatherUITests.swift */,
				FF790F65200D4132002AB896 /* Info.plist */,
			);
			path = "Whats the WeatherUITests";
			sourceTree = "<group>";
		};
/* End PBXGroup section */

/* Begin PBXNativeTarget section */
		FF790F3F200D4131002AB896 /* Whats the Weather */ = {
			isa = PBXNativeTarget;
			buildConfigurationList = FF790F68200D4132002AB896 /* Build configuration list for PBXNativeTarget "Whats the Weather" */;
			buildPhases = (
				FF790F3C200D4131002AB896 /* Sources */,
				FF790F3D200D4131002AB896 /* Frameworks */,
				FF790F3E200D4131002AB896 /* Resources */,
			);
			buildRules = (
			);
			dependencies = (
			);
			name = "Whats the Weather";
			productName = "Whats the Weather";
			productReference = FF790F40200D4131002AB896 /* Whats the Weather.app */;
			productType = "com.apple.product-type.application";
		};
		FF790F53200D4131002AB896 /* Whats the WeatherTests */ = {
			isa = PBXNativeTarget;
			buildConfigurationList = FF790F6B200D4132002AB896 /* Build configuration list for PBXNativeTarget "Whats the WeatherTests" */;
			buildPhases = (
				FF790F50200D4131002AB896 /* Sources */,
				FF790F51200D4131002AB896 /* Frameworks */,
				FF790F52200D4131002AB896 /* Resources */,
			);
			buildRules = (
			);
			dependencies = (
				FF790F56200D4131002AB896 /* PBXTargetDependency */,
			);
			name = "Whats the WeatherTests";
			productName = "Whats the WeatherTests";
			productReference = FF790F54200D4131002AB896 /* Whats the WeatherTests.xctest */;
			productType = "com.apple.product-type.bundle.unit-test";
		};
		FF790F5E200D4131002AB896 /* Whats the WeatherUITests */ = {
			isa = PBXNativeTarget;
			buildConfigurationList = FF790F6E200D4132002AB896 /* Build configuration list for PBXNativeTarget "Whats the WeatherUITests" */;
			buildPhases = (
				FF790F5B200D4131002AB896 /* Sources */,
				FF790F5C200D4131002AB896 /* Frameworks */,
				FF790F5D200D4131002AB896 /* Resources */,
			);
			buildRules = (
			);
			dependencies = (
				FF790F61200D4132002AB896 /* PBXTargetDependency */,
			);
			name = "Whats the WeatherUITests";
			productName = "Whats the WeatherUITests";
			productReference = FF790F5F200D4131002AB896 /* Whats the WeatherUITests.xctest */;
			productType = "com.apple.product-type.bundle.ui-testing";
		};
/* End PBXNativeTarget section */

/* Begin PBXProject section */
		FF790F38200D4131002AB896 /* Project object */ = {
			isa = PBXProject;
			attributes = {
				LastSwiftUpdateCheck = 0920;
				LastUpgradeCheck = 0920;
				ORGANIZATIONNAME = Rad_Industries;
				TargetAttributes = {
					FF790F3F200D4131002AB896 = {
						CreatedOnToolsVersion = 9.2;
						ProvisioningStyle = Automatic;
					};
					FF790F53200D4131002AB896 = {
						CreatedOnToolsVersion = 9.2;
						ProvisioningStyle = Automatic;
						TestTargetID = FF790F3F200D4131002AB896;
					};
					FF790F5E200D4131002AB896 = {
						CreatedOnToolsVersion = 9.2;
						ProvisioningStyle = Automatic;
						TestTargetID = FF790F3F200D4131002AB896;
					};
				};
			};
			buildConfigurationList = FF790F3B200D4131002AB896 /* Build configuration list for PBXProject "Whats the Weather" */;
			compatibilityVersion = "Xcode 8.0";
			developmentRegion = en;
			hasScannedForEncodings = 0;
			knownRegions = (
				en,
				Base,
			);
			mainGroup = FF790F37200D4131002AB896;
			productRefGroup = FF790F41200D4131002AB896 /* Products */;
			projectDirPath = "";
			projectRoot = "";
			targets = (
				FF790F3F200D4131002AB896 /* Whats the Weather */,
				FF790F53200D4131002AB896 /* Whats the WeatherTests */,
				FF790F5E200D4131002AB896 /* Whats the WeatherUITests */,
			);
		};
/* End PBXProject section */

/* Begin PBXResourcesBuildPhase section */
		FF790F3E200D4131002AB896 /* Resources */ = {
			isa = PBXResourcesBuildPhase;
			buildActionMask = 2147483647;
			files = (
				FF790F4E200D4131002AB896 /* LaunchScreen.storyboard in Resources */,
				FFAEA07A20115A5E00FAF75B /* clouds.jpeg in Resources */,
				FF790F4B200D4131002AB896 /* Assets.xcassets in Resources */,
				FF790F49200D4131002AB896 /* Main.storyboard in Resources */,
			);
			runOnlyForDeploymentPostprocessing = 0;
		};
		FF790F52200D4131002AB896 /* Resources */ = {
			isa = PBXResourcesBuildPhase;
			buildActionMask = 2147483647;
			files = (
			);
			runOnlyForDeploymentPostprocessing = 0;
		};
		FF790F5D200D4131002AB896 /* Resources */ = {
			isa = PBXResourcesBuildPhase;
			buildActionMask = 2147483647;
			files = (
			);
			runOnlyForDeploymentPostprocessing = 0;
		};
/* End PBXResourcesBuildPhase section */

/* Begin PBXSourcesBuildPhase section */
		FF790F3C200D4131002AB896 /* Sources */ = {
			isa = PBXSourcesBuildPhase;
			buildActionMask = 2147483647;
			files = (
				FF790F46200D4131002AB896 /* ViewController.swift in Sources */,
				FF790F44200D4131002AB896 /* AppDelegate.swift in Sources */,
			);
			runOnlyForDeploymentPostprocessing = 0;
		};
		FF790F50200D4131002AB896 /* Sources */ = {
			isa = PBXSourcesBuildPhase;
			buildActionMask = 2147483647;
			files = (
				FF790F59200D4131002AB896 /* Whats_the_WeatherTests.swift in Sources */,
			);
			runOnlyForDeploymentPostprocessing = 0;
		};
		FF790F5B200D4131002AB896 /* Sources */ = {
			isa = PBXSourcesBuildPhase;
			buildActionMask = 2147483647;
			files = (
				FF790F64200D4132002AB896 /* Whats_the_WeatherUITests.swift in Sources */,
			);
			runOnlyForDeploymentPostprocessing = 0;
		};
/* End PBXSourcesBuildPhase section */

/* Begin PBXTargetDependency section */
		FF790F56200D4131002AB896 /* PBXTargetDependency */ = {
			isa = PBXTargetDependency;
			target = FF790F3F200D4131002AB896 /* Whats the Weather */;
			targetProxy = FF790F55200D4131002AB896 /* PBXContainerItemProxy */;
		};
		FF790F61200D4132002AB896 /* PBXTargetDependency */ = {
			isa = PBXTargetDependency;
			target = FF790F3F200D4131002AB896 /* Whats the Weather */;
			targetProxy = FF790F60200D4132002AB896 /* PBXContainerItemProxy */;
		};
/* End PBXTargetDependency section */

/* Begin PBXVariantGroup section */
		FF790F47200D4131002AB896 /* Main.storyboard */ = {
			isa = PBXVariantGroup;
			children = (
				FF790F48200D4131002AB896 /* Base */,
			);
			name = Main.storyboard;
			sourceTree = "<group>";
		};
		FF790F4C200D4131002AB896 /* LaunchScreen.storyboard */ = {
			isa = PBXVariantGroup;
			children = (
				FF790F4D200D4131002AB896 /* Base */,
			);
			name = LaunchScreen.storyboard;
			sourceTree = "<group>";
		};
/* End PBXVariantGroup section */

/* Begin XCBuildConfiguration section */
		FF790F66200D4132002AB896 /* Debug */ = {
			isa = XCBuildConfiguration;
			buildSettings = {
				ALWAYS_SEARCH_USER_PATHS = NO;
				CLANG_ANALYZER_NONNULL = YES;
				CLANG_ANALYZER_NUMBER_OBJECT_CONVERSION = YES_AGGRESSIVE;
				CLANG_CXX_LANGUAGE_STANDARD = "gnu++14";
				CLANG_CXX_LIBRARY = "libc++";
				CLANG_ENABLE_MODULES = YES;
				CLANG_ENABLE_OBJC_ARC = YES;
				CLANG_WARN_BLOCK_CAPTURE_AUTORELEASING = YES;
				CLANG_WARN_BOOL_CONVERSION = YES;
				CLANG_WARN_COMMA = YES;
				CLANG_WARN_CONSTANT_CONVERSION = YES;
				CLANG_WARN_DIRECT_OBJC_ISA_USAGE = YES_ERROR;
				CLANG_WARN_DOCUMENTATION_COMMENTS = YES;
				CLANG_WARN_EMPTY_BODY = YES;
				CLANG_WARN_ENUM_CONVERSION = YES;
				CLANG_WARN_INFINITE_RECURSION = YES;
				CLANG_WARN_INT_CONVERSION = YES;
				CLANG_WARN_NON_LITERAL_NULL_CONVERSION = YES;
				CLANG_WARN_OBJC_LITERAL_CONVERSION = YES;
				CLANG_WARN_OBJC_ROOT_CLASS = YES_ERROR;
				CLANG_WARN_RANGE_LOOP_ANALYSIS = YES;
				CLANG_WARN_STRICT_PROTOTYPES = YES;
				CLANG_WARN_SUSPICIOUS_MOVE = YES;
				CLANG_WARN_UNGUARDED_AVAILABILITY = YES_AGGRESSIVE;
				CLANG_WARN_UNREACHABLE_CODE = YES;
				CLANG_WARN__DUPLICATE_METHOD_MATCH = YES;
				CODE_SIGN_IDENTITY = "iPhone Developer";
				COPY_PHASE_STRIP = NO;
				DEBUG_INFORMATION_FORMAT = dwarf;
				ENABLE_STRICT_OBJC_MSGSEND = YES;
				ENABLE_TESTABILITY = YES;
				GCC_C_LANGUAGE_STANDARD = gnu11;
				GCC_DYNAMIC_NO_PIC = NO;
				GCC_NO_COMMON_BLOCKS = YES;
				GCC_OPTIMIZATION_LEVEL = 0;
				GCC_PREPROCESSOR_DEFINITIONS = (
					"DEBUG=1",
					"$(inherited)",
				);
				GCC_WARN_64_TO_32_BIT_CONVERSION = YES;
				GCC_WARN_ABOUT_RETURN_TYPE = YES_ERROR;
				GCC_WARN_UNDECLARED_SELECTOR = YES;
				GCC_WARN_UNINITIALIZED_AUTOS = YES_AGGRESSIVE;
				GCC_WARN_UNUSED_FUNCTION = YES;
				GCC_WARN_UNUSED_VARIABLE = YES;
				IPHONEOS_DEPLOYMENT_TARGET = 11.2;
				MTL_ENABLE_DEBUG_INFO = YES;
				ONLY_ACTIVE_ARCH = YES;
				SDKROOT = iphoneos;
				SWIFT_ACTIVE_COMPILATION_CONDITIONS = DEBUG;
				SWIFT_OPTIMIZATION_LEVEL = "-Onone";
			};
			name = Debug;
		};
		FF790F67200D4132002AB896 /* Release */ = {
			isa = XCBuildConfiguration;
			buildSettings = {
				ALWAYS_SEARCH_USER_PATHS = NO;
				CLANG_ANALYZER_NONNULL = YES;
				CLANG_ANALYZER_NUMBER_OBJECT_CONVERSION = YES_AGGRESSIVE;
				CLANG_CXX_LANGUAGE_STANDARD = "gnu++14";
				CLANG_CXX_LIBRARY = "libc++";
				CLANG_ENABLE_MODULES = YES;
				CLANG_ENABLE_OBJC_ARC = YES;
				CLANG_WARN_BLOCK_CAPTURE_AUTORELEASING = YES;
				CLANG_WARN_BOOL_CONVERSION = YES;
				CLANG_WARN_COMMA = YES;
				CLANG_WARN_CONSTANT_CONVERSION = YES;
				CLANG_WARN_DIRECT_OBJC_ISA_USAGE = YES_ERROR;
				CLANG_WARN_DOCUMENTATION_COMMENTS = YES;
				CLANG_WARN_EMPTY_BODY = YES;
				CLANG_WARN_ENUM_CONVERSION = YES;
				CLANG_WARN_INFINITE_RECURSION = YES;
				CLANG_WARN_INT_CONVERSION = YES;
				CLANG_WARN_NON_LITERAL_NULL_CONVERSION = YES;
				CLANG_WARN_OBJC_LITERAL_CONVERSION = YES;
				CLANG_WARN_OBJC_ROOT_CLASS = YES_ERROR;
				CLANG_WARN_RANGE_LOOP_ANALYSIS = YES;
				CLANG_WARN_STRICT_PROTOTYPES = YES;
				CLANG_WARN_SUSPICIOUS_MOVE = YES;
				CLANG_WARN_UNGUARDED_AVAILABILITY = YES_AGGRESSIVE;
				CLANG_WARN_UNREACHABLE_CODE = YES;
				CLANG_WARN__DUPLICATE_METHOD_MATCH = YES;
				CODE_SIGN_IDENTITY = "iPhone Developer";
				COPY_PHASE_STRIP = NO;
				DEBUG_INFORMATION_FORMAT = "dwarf-with-dsym";
				ENABLE_NS_ASSERTIONS = NO;
				ENABLE_STRICT_OBJC_MSGSEND = YES;
				GCC_C_LANGUAGE_STANDARD = gnu11;
				GCC_NO_COMMON_BLOCKS = YES;
				GCC_WARN_64_TO_32_BIT_CONVERSION = YES;
				GCC_WARN_ABOUT_RETURN_TYPE = YES_ERROR;
				GCC_WARN_UNDECLARED_SELECTOR = YES;
				GCC_WARN_UNINITIALIZED_AUTOS = YES_AGGRESSIVE;
				GCC_WARN_UNUSED_FUNCTION = YES;
				GCC_WARN_UNUSED_VARIABLE = YES;
				IPHONEOS_DEPLOYMENT_TARGET = 11.2;
				MTL_ENABLE_DEBUG_INFO = NO;
				SDKROOT = iphoneos;
				SWIFT_OPTIMIZATION_LEVEL = "-Owholemodule";
				VALIDATE_PRODUCT = YES;
			};
			name = Release;
		};
		FF790F69200D4132002AB896 /* Debug */ = {
			isa = XCBuildConfiguration;
			buildSettings = {
				ASSETCATALOG_COMPILER_APPICON_NAME = AppIcon;
				CODE_SIGN_STYLE = Automatic;
				INFOPLIST_FILE = "Whats the Weather/Info.plist";
				LD_RUNPATH_SEARCH_PATHS = "$(inherited) @executable_path/Frameworks";
				PRODUCT_BUNDLE_IDENTIFIER = "com.Rad-Industries.Whats-the-Weather";
				PRODUCT_NAME = "$(TARGET_NAME)";
				SWIFT_VERSION = 4.0;
				TARGETED_DEVICE_FAMILY = "1,2";
			};
			name = Debug;
		};
		FF790F6A200D4132002AB896 /* Release */ = {
			isa = XCBuildConfiguration;
			buildSettings = {
				ASSETCATALOG_COMPILER_APPICON_NAME = AppIcon;
				CODE_SIGN_STYLE = Automatic;
				INFOPLIST_FILE = "Whats the Weather/Info.plist";
				LD_RUNPATH_SEARCH_PATHS = "$(inherited) @executable_path/Frameworks";
				PRODUCT_BUNDLE_IDENTIFIER = "com.Rad-Industries.Whats-the-Weather";
				PRODUCT_NAME = "$(TARGET_NAME)";
				SWIFT_VERSION = 4.0;
				TARGETED_DEVICE_FAMILY = "1,2";
			};
			name = Release;
		};
		FF790F6C200D4132002AB896 /* Debug */ = {
			isa = XCBuildConfiguration;
			buildSettings = {
				ALWAYS_EMBED_SWIFT_STANDARD_LIBRARIES = YES;
				BUNDLE_LOADER = "$(TEST_HOST)";
				CODE_SIGN_STYLE = Automatic;
				INFOPLIST_FILE = "Whats the WeatherTests/Info.plist";
				LD_RUNPATH_SEARCH_PATHS = "$(inherited) @executable_path/Frameworks @loader_path/Frameworks";
				PRODUCT_BUNDLE_IDENTIFIER = "com.Rad-Industries.Whats-the-WeatherTests";
				PRODUCT_NAME = "$(TARGET_NAME)";
				SWIFT_VERSION = 4.0;
				TARGETED_DEVICE_FAMILY = "1,2";
				TEST_HOST = "$(BUILT_PRODUCTS_DIR)/Whats the Weather.app/Whats the Weather";
			};
			name = Debug;
		};
		FF790F6D200D4132002AB896 /* Release */ = {
			isa = XCBuildConfiguration;
			buildSettings = {
				ALWAYS_EMBED_SWIFT_STANDARD_LIBRARIES = YES;
				BUNDLE_LOADER = "$(TEST_HOST)";
				CODE_SIGN_STYLE = Automatic;
				INFOPLIST_FILE = "Whats the WeatherTests/Info.plist";
				LD_RUNPATH_SEARCH_PATHS = "$(inherited) @executable_path/Frameworks @loader_path/Frameworks";
				PRODUCT_BUNDLE_IDENTIFIER = "com.Rad-Industries.Whats-the-WeatherTests";
				PRODUCT_NAME = "$(TARGET_NAME)";
				SWIFT_VERSION = 4.0;
				TARGETED_DEVICE_FAMILY = "1,2";
				TEST_HOST = "$(BUILT_PRODUCTS_DIR)/Whats the Weather.app/Whats the Weather";
			};
			name = Release;
		};
		FF790F6F200D4132002AB896 /* Debug */ = {
			isa = XCBuildConfiguration;
			buildSettings = {
				ALWAYS_EMBED_SWIFT_STANDARD_LIBRARIES = YES;
				CODE_SIGN_STYLE = Automatic;
				INFOPLIST_FILE = "Whats the WeatherUITests/Info.plist";
				LD_RUNPATH_SEARCH_PATHS = "$(inherited) @executable_path/Frameworks @loader_path/Frameworks";
				PRODUCT_BUNDLE_IDENTIFIER = "com.Rad-Industries.Whats-the-WeatherUITests";
				PRODUCT_NAME = "$(TARGET_NAME)";
				SWIFT_VERSION = 4.0;
				TARGETED_DEVICE_FAMILY = "1,2";
				TEST_TARGET_NAME = "Whats the Weather";
			};
			name = Debug;
		};
		FF790F70200D4132002AB896 /* Release */ = {
			isa = XCBuildConfiguration;
			buildSettings = {
				ALWAYS_EMBED_SWIFT_STANDARD_LIBRARIES = YES;
				CODE_SIGN_STYLE = Automatic;
				INFOPLIST_FILE = "Whats the WeatherUITests/Info.plist";
				LD_RUNPATH_SEARCH_PATHS = "$(inherited) @executable_path/Frameworks @loader_path/Frameworks";
				PRODUCT_BUNDLE_IDENTIFIER = "com.Rad-Industries.Whats-the-WeatherUITests";
				PRODUCT_NAME = "$(TARGET_NAME)";
				SWIFT_VERSION = 4.0;
				TARGETED_DEVICE_FAMILY = "1,2";
				TEST_TARGET_NAME = "Whats the Weather";
			};
			name = Release;
		};
/* End XCBuildConfiguration section */

/* Begin XCConfigurationList section */
		FF790F3B200D4131002AB896 /* Build configuration list for PBXProject "Whats the Weather" */ = {
			isa = XCConfigurationList;
			buildConfigurations = (
				FF790F66200D4132002AB896 /* Debug */,
				FF790F67200D4132002AB896 /* Release */,
			);
			defaultConfigurationIsVisible = 0;
			defaultConfigurationName = Release;
		};
		FF790F68200D4132002AB896 /* Build configuration list for PBXNativeTarget "Whats the Weather" */ = {
			isa = XCConfigurationList;
			buildConfigurations = (
				FF790F69200D4132002AB896 /* Debug */,
				FF790F6A200D4132002AB896 /* Release */,
			);
			defaultConfigurationIsVisible = 0;
			defaultConfigurationName = Release;
		};
		FF790F6B200D4132002AB896 /* Build configuration list for PBXNativeTarget "Whats the WeatherTests" */ = {
			isa = XCConfigurationList;
			buildConfigurations = (
				FF790F6C200D4132002AB896 /* Debug */,
				FF790F6D200D4132002AB896 /* Release */,
			);
			defaultConfigurationIsVisible = 0;
			defaultConfigurationName = Release;
		};
		FF790F6E200D4132002AB896 /* Build configuration list for PBXNativeTarget "Whats the WeatherUITests" */ = {
			isa = XCConfigurationList;
			buildConfigurations = (
				FF790F6F200D4132002AB896 /* Debug */,
				FF790F70200D4132002AB896 /* Release */,
			);
			defaultConfigurationIsVisible = 0;
			defaultConfigurationName = Release;
		};
/* End XCConfigurationList section */
	};
	rootObject = FF790F38200D4131002AB896 /* Project object */;
}
